
Microsoft Visual Studio Solution File, Format Version 12.00
# Visual Studio Version 16
VisualStudioVersion = 16.0.29021.104
MinimumVisualStudioVersion = 10.0.40219.1
Project("{9A19103F-16F7-4668-BE54-9A1E7A4F7556}") = "Fantasy.Data", "Fantasy.Data\Fantasy.Data.csproj", "{7A8FB50D-328B-4407-B09D-008778252142}"
EndProject
Project("{9A19103F-16F7-4668-BE54-9A1E7A4F7556}") = "Fantasy.Web", "Fantasy.Web\Fantasy.Web.csproj", "{64A5CE09-2ABC-4B76-8B4A-557DDE952350}"
EndProject
Project("{9A19103F-16F7-4668-BE54-9A1E7A4F7556}") = "SandBox", "SandBox\SandBox.csproj", "{C3D7435E-3B5B-418C-8F54-DC2F9337DF18}"
EndProject
Project("{FAE04EC0-301F-11D3-BF4B-00C04F79EFBC}") = "Fantasy.Common", "Fantasy.Common\Fantasy.Common.csproj", "{DEFD47A7-BAE9-4B95-972F-7149017DC986}"
EndProject
Project("{FAE04EC0-301F-11D3-BF4B-00C04F79EFBC}") = "Fantasy.Services", "Fantasy.Services\Fantasy.Services.csproj", "{794BEEC0-1A58-4BC6-B9C0-3255F922C157}"
EndProject
Global
	GlobalSection(SolutionConfigurationPlatforms) = preSolution
		Debug|Any CPU = Debug|Any CPU
		Release|Any CPU = Release|Any CPU
	EndGlobalSection
	GlobalSection(ProjectConfigurationPlatforms) = postSolution
		{7A8FB50D-328B-4407-B09D-008778252142}.Debug|Any CPU.ActiveCfg = Debug|Any CPU
		{7A8FB50D-328B-4407-B09D-008778252142}.Debug|Any CPU.Build.0 = Debug|Any CPU
		{7A8FB50D-328B-4407-B09D-008778252142}.Release|Any CPU.ActiveCfg = Release|Any CPU
		{7A8FB50D-328B-4407-B09D-008778252142}.Release|Any CPU.Build.0 = Release|Any CPU
		{64A5CE09-2ABC-4B76-8B4A-557DDE952350}.Debug|Any CPU.ActiveCfg = Debug|Any CPU
		{64A5CE09-2ABC-4B76-8B4A-557DDE952350}.Debug|Any CPU.Build.0 = Debug|Any CPU
		{64A5CE09-2ABC-4B76-8B4A-557DDE952350}.Release|Any CPU.ActiveCfg = Release|Any CPU
		{64A5CE09-2ABC-4B76-8B4A-557DDE952350}.Release|Any CPU.Build.0 = Release|Any CPU
		{C3D7435E-3B5B-418C-8F54-DC2F9337DF18}.Debug|Any CPU.ActiveCfg = Debug|Any CPU
		{C3D7435E-3B5B-418C-8F54-DC2F9337DF18}.Debug|Any CPU.Build.0 = Debug|Any CPU
		{C3D7435E-3B5B-418C-8F54-DC2F9337DF18}.Release|Any CPU.ActiveCfg = Release|Any CPU
		{C3D7435E-3B5B-418C-8F54-DC2F9337DF18}.Release|Any CPU.Build.0 = Release|Any CPU
		{DEFD47A7-BAE9-4B95-972F-7149017DC986}.Debug|Any CPU.ActiveCfg = Debug|Any CPU
		{DEFD47A7-BAE9-4B95-972F-7149017DC986}.Debug|Any CPU.Build.0 = Debug|Any CPU
		{DEFD47A7-BAE9-4B95-972F-7149017DC986}.Release|Any CPU.ActiveCfg = Release|Any CPU
		{DEFD47A7-BAE9-4B95-972F-7149017DC986}.Release|Any CPU.Build.0 = Release|Any CPU
		{794BEEC0-1A58-4BC6-B9C0-3255F922C157}.Debug|Any CPU.ActiveCfg = Debug|Any CPU
		{794BEEC0-1A58-4BC6-B9C0-3255F922C157}.Debug|Any CPU.Build.0 = Debug|Any CPU
		{794BEEC0-1A58-4BC6-B9C0-3255F922C157}.Release|Any CPU.ActiveCfg = Release|Any CPU
		{794BEEC0-1A58-4BC6-B9C0-3255F922C157}.Release|Any CPU.Build.0 = Release|Any CPU
	EndGlobalSection
	GlobalSection(SolutionProperties) = preSolution
		HideSolutionNode = FALSE
	EndGlobalSection
	GlobalSection(ExtensibilityGlobals) = postSolution
		SolutionGuid = {206D2461-EEA0-43E3-B64D-ADE19C1EBB59}
	EndGlobalSection
EndGlobal
